
Microsoft Visual Studio Solution File, Format Version 12.00
# Visual Studio Version 17
VisualStudioVersion = 17.3.32929.385
MinimumVisualStudioVersion = 10.0.40219.1
Project("{FAE04EC0-301F-11D3-BF4B-00C04F79EFBC}") = "GuidesArrangement", "GuidesArrangement\GuidesArrangement.csproj", "{18C2EBB2-1240-4606-881F-622EDF031DBF}"
EndProject
Global
	GlobalSection(SolutionConfigurationPlatforms) = preSolution
		Debug|Any CPU = Debug|Any CPU
		Release|Any CPU = Release|Any CPU
	EndGlobalSection
	GlobalSection(ProjectConfigurationPlatforms) = postSolution
		{18C2EBB2-1240-4606-881F-622EDF031DBF}.Debug|Any CPU.ActiveCfg = Debug|Any CPU
		{18C2EBB2-1240-4606-881F-622EDF031DBF}.Debug|Any CPU.Build.0 = Debug|Any CPU
		{18C2EBB2-1240-4606-881F-622EDF031DBF}.Release|Any CPU.ActiveCfg = Release|Any CPU
		{18C2EBB2-1240-4606-881F-622EDF031DBF}.Release|Any CPU.Build.0 = Release|Any CPU
	EndGlobalSection
	GlobalSection(SolutionProperties) = preSolution
		HideSolutionNode = FALSE
	EndGlobalSection
	GlobalSection(ExtensibilityGlobals) = postSolution
		SolutionGuid = {550FF529-3088-4BAE-AF4C-0DBF89AFF2E2}
	EndGlobalSection
EndGlobal
